
Microsoft Visual Studio Solution File, Format Version 12.00
# Visual Studio 2013
VisualStudioVersion = 12.0.21005.1
MinimumVisualStudioVersion = 10.0.40219.1
Project("{FAE04EC0-301F-11D3-BF4B-00C04F79EFBC}") = "Calculator.Wpf", "Calculator.Wpf\Calculator.Wpf.csproj", "{B3E7DB48-5E81-4AC5-8553-52AE14A60507}"
EndProject
Project("{FAE04EC0-301F-11D3-BF4B-00C04F79EFBC}") = "Calculator", "Calculator\Calculator.csproj", "{B2DB7CA1-2104-4908-914D-AA8D5744F389}"
EndProject
Global
	GlobalSection(SolutionConfigurationPlatforms) = preSolution
		Debug|Any CPU = Debug|Any CPU
		Release|Any CPU = Release|Any CPU
	EndGlobalSection
	GlobalSection(ProjectConfigurationPlatforms) = postSolution
		{B3E7DB48-5E81-4AC5-8553-52AE14A60507}.Debug|Any CPU.ActiveCfg = Debug|Any CPU
		{B3E7DB48-5E81-4AC5-8553-52AE14A60507}.Debug|Any CPU.Build.0 = Debug|Any CPU
		{B3E7DB48-5E81-4AC5-8553-52AE14A60507}.Release|Any CPU.ActiveCfg = Release|Any CPU
		{B3E7DB48-5E81-4AC5-8553-52AE14A60507}.Release|Any CPU.Build.0 = Release|Any CPU
		{B2DB7CA1-2104-4908-914D-AA8D5744F389}.Debug|Any CPU.ActiveCfg = Debug|Any CPU
		{B2DB7CA1-2104-4908-914D-AA8D5744F389}.Debug|Any CPU.Build.0 = Debug|Any CPU
		{B2DB7CA1-2104-4908-914D-AA8D5744F389}.Release|Any CPU.ActiveCfg = Release|Any CPU
		{B2DB7CA1-2104-4908-914D-AA8D5744F389}.Release|Any CPU.Build.0 = Release|Any CPU
	EndGlobalSection
	GlobalSection(SolutionProperties) = preSolution
		HideSolutionNode = FALSE
	EndGlobalSection
EndGlobal
